// !$*UTF8*$!
{
	archiveVersion = 1;
	classes = {
	};
	objectVersion = 50;
	objects = {

/* Begin PBXBuildFile section */
		2456CFC124B11D5700BA2135 /* Array+Only.swift in Sources */ = {isa = PBXBuildFile; fileRef = 2456CFC024B11D5700BA2135 /* Array+Only.swift */; };
		248AE40724AE84FC00FAD33B /* MemoryGame.swift in Sources */ = {isa = PBXBuildFile; fileRef = 248AE40624AE84FC00FAD33B /* MemoryGame.swift */; };
		248AE40924AE87EB00FAD33B /* EmojiMemoryGame.swift in Sources */ = {isa = PBXBuildFile; fileRef = 248AE40824AE87EB00FAD33B /* EmojiMemoryGame.swift */; };
		24BAC4C224B09ADF00B18445 /* Grid.swift in Sources */ = {isa = PBXBuildFile; fileRef = 24BAC4C124B09ADF00B18445 /* Grid.swift */; };
		24BAC4C424B09FBC00B18445 /* GridLayout.swift in Sources */ = {isa = PBXBuildFile; fileRef = 24BAC4C324B09FBC00B18445 /* GridLayout.swift */; };
		24BAC4C624B0A2ED00B18445 /* Array+Identifiable.swift in Sources */ = {isa = PBXBuildFile; fileRef = 24BAC4C524B0A2ED00B18445 /* Array+Identifiable.swift */; };
		24E2663124AE139B0089350F /* AppDelegate.swift in Sources */ = {isa = PBXBuildFile; fileRef = 24E2663024AE139B0089350F /* AppDelegate.swift */; };
		24E2663324AE139B0089350F /* SceneDelegate.swift in Sources */ = {isa = PBXBuildFile; fileRef = 24E2663224AE139B0089350F /* SceneDelegate.swift */; };
		24E2663524AE139B0089350F /* EmojiMemoryGameView.swift in Sources */ = {isa = PBXBuildFile; fileRef = 24E2663424AE139B0089350F /* EmojiMemoryGameView.swift */; };
		24E2663724AE139E0089350F /* Assets.xcassets in Resources */ = {isa = PBXBuildFile; fileRef = 24E2663624AE139E0089350F /* Assets.xcassets */; };
		24E2663A24AE139E0089350F /* Preview Assets.xcassets in Resources */ = {isa = PBXBuildFile; fileRef = 24E2663924AE139E0089350F /* Preview Assets.xcassets */; };
		24E2663D24AE139E0089350F /* LaunchScreen.storyboard in Resources */ = {isa = PBXBuildFile; fileRef = 24E2663B24AE139E0089350F /* LaunchScreen.storyboard */; };
/* End PBXBuildFile section */

/* Begin PBXFileReference section */
		2456CFC024B11D5700BA2135 /* Array+Only.swift */ = {isa = PBXFileReference; lastKnownFileType = sourcecode.swift; path = "Array+Only.swift"; sourceTree = "<group>"; };
		248AE40624AE84FC00FAD33B /* MemoryGame.swift */ = {isa = PBXFileReference; lastKnownFileType = sourcecode.swift; path = MemoryGame.swift; sourceTree = "<group>"; };
		248AE40824AE87EB00FAD33B /* EmojiMemoryGame.swift */ = {isa = PBXFileReference; lastKnownFileType = sourcecode.swift; path = EmojiMemoryGame.swift; sourceTree = "<group>"; };
		24BAC4C124B09ADF00B18445 /* Grid.swift */ = {isa = PBXFileReference; lastKnownFileType = sourcecode.swift; path = Grid.swift; sourceTree = "<group>"; };
		24BAC4C324B09FBC00B18445 /* GridLayout.swift */ = {isa = PBXFileReference; fileEncoding = 4; lastKnownFileType = sourcecode.swift; path = GridLayout.swift; sourceTree = "<group>"; };
		24BAC4C524B0A2ED00B18445 /* Array+Identifiable.swift */ = {isa = PBXFileReference; lastKnownFileType = sourcecode.swift; path = "Array+Identifiable.swift"; sourceTree = "<group>"; };
		24E2662D24AE139B0089350F /* Memorize.app */ = {isa = PBXFileReference; explicitFileType = wrapper.application; includeInIndex = 0; path = Memorize.app; sourceTree = BUILT_PRODUCTS_DIR; };
		24E2663024AE139B0089350F /* AppDelegate.swift */ = {isa = PBXFileReference; lastKnownFileType = sourcecode.swift; path = AppDelegate.swift; sourceTree = "<group>"; };
		24E2663224AE139B0089350F /* SceneDelegate.swift */ = {isa = PBXFileReference; lastKnownFileType = sourcecode.swift; path = SceneDelegate.swift; sourceTree = "<group>"; };
		24E2663424AE139B0089350F /* EmojiMemoryGameView.swift */ = {isa = PBXFileReference; lastKnownFileType = sourcecode.swift; path = EmojiMemoryGameView.swift; sourceTree = "<group>"; };
		24E2663624AE139E0089350F /* Assets.xcassets */ = {isa = PBXFileReference; lastKnownFileType = folder.assetcatalog; path = Assets.xcassets; sourceTree = "<group>"; };
		24E2663924AE139E0089350F /* Preview Assets.xcassets */ = {isa = PBXFileReference; lastKnownFileType = folder.assetcatalog; path = "Preview Assets.xcassets"; sourceTree = "<group>"; };
		24E2663C24AE139E0089350F /* Base */ = {isa = PBXFileReference; lastKnownFileType = file.storyboard; name = Base; path = Base.lproj/LaunchScreen.storyboard; sourceTree = "<group>"; };
		24E2663E24AE139E0089350F /* Info.plist */ = {isa = PBXFileReference; lastKnownFileType = text.plist.xml; path = Info.plist; sourceTree = "<group>"; };
/* End PBXFileReference section */

/* Begin PBXFrameworksBuildPhase section */
		24E2662A24AE139B0089350F /* Frameworks */ = {
			isa = PBXFrameworksBuildPhase;
			buildActionMask = 2147483647;
			files = (
			);
			runOnlyForDeploymentPostprocessing = 0;
		};
/* End PBXFrameworksBuildPhase section */

/* Begin PBXGroup section */
		24E2662424AE139B0089350F = {
			isa = PBXGroup;
			children = (
				24E2662F24AE139B0089350F /* Memorize */,
				24E2662E24AE139B0089350F /* Products */,
			);
			sourceTree = "<group>";
		};
		24E2662E24AE139B0089350F /* Products */ = {
			isa = PBXGroup;
			children = (
				24E2662D24AE139B0089350F /* Memorize.app */,
			);
			name = Products;
			sourceTree = "<group>";
		};
		24E2662F24AE139B0089350F /* Memorize */ = {
			isa = PBXGroup;
			children = (
				24E2663024AE139B0089350F /* AppDelegate.swift */,
				24E2663224AE139B0089350F /* SceneDelegate.swift */,
				24E2663424AE139B0089350F /* EmojiMemoryGameView.swift */,
				24BAC4C124B09ADF00B18445 /* Grid.swift */,
				24BAC4C524B0A2ED00B18445 /* Array+Identifiable.swift */,
				24BAC4C324B09FBC00B18445 /* GridLayout.swift */,
				248AE40824AE87EB00FAD33B /* EmojiMemoryGame.swift */,
				248AE40624AE84FC00FAD33B /* MemoryGame.swift */,
				2456CFC024B11D5700BA2135 /* Array+Only.swift */,
				24E2663624AE139E0089350F /* Assets.xcassets */,
				24E2663B24AE139E0089350F /* LaunchScreen.storyboard */,
				24E2663E24AE139E0089350F /* Info.plist */,
				24E2663824AE139E0089350F /* Preview Content */,
			);
			path = Memorize;
			sourceTree = "<group>";
		};
		24E2663824AE139E0089350F /* Preview Content */ = {
			isa = PBXGroup;
			children = (
				24E2663924AE139E0089350F /* Preview Assets.xcassets */,
			);
			path = "Preview Content";
			sourceTree = "<group>";
		};
/* End PBXGroup section */

/* Begin PBXNativeTarget section */
		24E2662C24AE139B0089350F /* Memorize */ = {
			isa = PBXNativeTarget;
			buildConfigurationList = 24E2664124AE139E0089350F /* Build configuration list for PBXNativeTarget "Memorize" */;
			buildPhases = (
				24E2662924AE139B0089350F /* Sources */,
				24E2662A24AE139B0089350F /* Frameworks */,
				24E2662B24AE139B0089350F /* Resources */,
			);
			buildRules = (
			);
			dependencies = (
			);
			name = Memorize;
			productName = Memorize;
			productReference = 24E2662D24AE139B0089350F /* Memorize.app */;
			productType = "com.apple.product-type.application";
		};
/* End PBXNativeTarget section */

/* Begin PBXProject section */
		24E2662524AE139B0089350F /* Project object */ = {
			isa = PBXProject;
			attributes = {
				LastSwiftUpdateCheck = 1150;
				LastUpgradeCheck = 1150;
				ORGANIZATIONNAME = "Francisca Barros";
				TargetAttributes = {
					24E2662C24AE139B0089350F = {
						CreatedOnToolsVersion = 11.5;
					};
				};
			};
			buildConfigurationList = 24E2662824AE139B0089350F /* Build configuration list for PBXProject "Memorize" */;
			compatibilityVersion = "Xcode 9.3";
			developmentRegion = en;
			hasScannedForEncodings = 0;
			knownRegions = (
				en,
				Base,
			);
			mainGroup = 24E2662424AE139B0089350F;
			productRefGroup = 24E2662E24AE139B0089350F /* Products */;
			projectDirPath = "";
			projectRoot = "";
			targets = (
				24E2662C24AE139B0089350F /* Memorize */,
			);
		};
/* End PBXProject section */

/* Begin PBXResourcesBuildPhase section */
		24E2662B24AE139B0089350F /* Resources */ = {
			isa = PBXResourcesBuildPhase;
			buildActionMask = 2147483647;
			files = (
				24E2663D24AE139E0089350F /* LaunchScreen.storyboard in Resources */,
				24E2663A24AE139E0089350F /* Preview Assets.xcassets in Resources */,
				24E2663724AE139E0089350F /* Assets.xcassets in Resources */,
			);
			runOnlyForDeploymentPostprocessing = 0;
		};
/* End PBXResourcesBuildPhase section */

/* Begin PBXSourcesBuildPhase section */
		24E2662924AE139B0089350F /* Sources */ = {
			isa = PBXSourcesBuildPhase;
			buildActionMask = 2147483647;
			files = (
				24E2663124AE139B0089350F /* AppDelegate.swift in Sources */,
				24E2663324AE139B0089350F /* SceneDelegate.swift in Sources */,
				248AE40724AE84FC00FAD33B /* MemoryGame.swift in Sources */,
				2456CFC124B11D5700BA2135 /* Array+Only.swift in Sources */,
				24E2663524AE139B0089350F /* EmojiMemoryGameView.swift in Sources */,
				248AE40924AE87EB00FAD33B /* EmojiMemoryGame.swift in Sources */,
				24BAC4C624B0A2ED00B18445 /* Array+Identifiable.swift in Sources */,
				24BAC4C424B09FBC00B18445 /* GridLayout.swift in Sources */,
				24BAC4C224B09ADF00B18445 /* Grid.swift in Sources */,
			);
			runOnlyForDeploymentPostprocessing = 0;
		};
/* End PBXSourcesBuildPhase section */

/* Begin PBXVariantGroup section */
		24E2663B24AE139E0089350F /* LaunchScreen.storyboard */ = {
			isa = PBXVariantGroup;
			children = (
				24E2663C24AE139E0089350F /* Base */,
			);
			name = LaunchScreen.storyboard;
			sourceTree = "<group>";
		};
/* End PBXVariantGroup section */

/* Begin XCBuildConfiguration section */
		24E2663F24AE139E0089350F /* Debug */ = {
			isa = XCBuildConfiguration;
			buildSettings = {
				ALWAYS_SEARCH_USER_PATHS = NO;
				CLANG_ANALYZER_NONNULL = YES;
				CLANG_ANALYZER_NUMBER_OBJECT_CONVERSION = YES_AGGRESSIVE;
				CLANG_CXX_LANGUAGE_STANDARD = "gnu++14";
				CLANG_CXX_LIBRARY = "libc++";
				CLANG_ENABLE_MODULES = YES;
				CLANG_ENABLE_OBJC_ARC = YES;
				CLANG_ENABLE_OBJC_WEAK = YES;
				CLANG_WARN_BLOCK_CAPTURE_AUTORELEASING = YES;
				CLANG_WARN_BOOL_CONVERSION = YES;
				CLANG_WARN_COMMA = YES;
				CLANG_WARN_CONSTANT_CONVERSION = YES;
				CLANG_WARN_DEPRECATED_OBJC_IMPLEMENTATIONS = YES;
				CLANG_WARN_DIRECT_OBJC_ISA_USAGE = YES_ERROR;
				CLANG_WARN_DOCUMENTATION_COMMENTS = YES;
				CLANG_WARN_EMPTY_BODY = YES;
				CLANG_WARN_ENUM_CONVERSION = YES;
				CLANG_WARN_INFINITE_RECURSION = YES;
				CLANG_WARN_INT_CONVERSION = YES;
				CLANG_WARN_NON_LITERAL_NULL_CONVERSION = YES;
				CLANG_WARN_OBJC_IMPLICIT_RETAIN_SELF = YES;
				CLANG_WARN_OBJC_LITERAL_CONVERSION = YES;
				CLANG_WARN_OBJC_ROOT_CLASS = YES_ERROR;
				CLANG_WARN_RANGE_LOOP_ANALYSIS = YES;
				CLANG_WARN_STRICT_PROTOTYPES = YES;
				CLANG_WARN_SUSPICIOUS_MOVE = YES;
				CLANG_WARN_UNGUARDED_AVAILABILITY = YES_AGGRESSIVE;
				CLANG_WARN_UNREACHABLE_CODE = YES;
				CLANG_WARN__DUPLICATE_METHOD_MATCH = YES;
				COPY_PHASE_STRIP = NO;
				DEBUG_INFORMATION_FORMAT = dwarf;
				ENABLE_STRICT_OBJC_MSGSEND = YES;
				ENABLE_TESTABILITY = YES;
				GCC_C_LANGUAGE_STANDARD = gnu11;
				GCC_DYNAMIC_NO_PIC = NO;
				GCC_NO_COMMON_BLOCKS = YES;
				GCC_OPTIMIZATION_LEVEL = 0;
				GCC_PREPROCESSOR_DEFINITIONS = (
					"DEBUG=1",
					"$(inherited)",
				);
				GCC_WARN_64_TO_32_BIT_CONVERSION = YES;
				GCC_WARN_ABOUT_RETURN_TYPE = YES_ERROR;
				GCC_WARN_UNDECLARED_SELECTOR = YES;
				GCC_WARN_UNINITIALIZED_AUTOS = YES_AGGRESSIVE;
				GCC_WARN_UNUSED_FUNCTION = YES;
				GCC_WARN_UNUSED_VARIABLE = YES;
				IPHONEOS_DEPLOYMENT_TARGET = 13.5;
				MTL_ENABLE_DEBUG_INFO = INCLUDE_SOURCE;
				MTL_FAST_MATH = YES;
				ONLY_ACTIVE_ARCH = YES;
				SDKROOT = iphoneos;
				SWIFT_ACTIVE_COMPILATION_CONDITIONS = DEBUG;
				SWIFT_OPTIMIZATION_LEVEL = "-Onone";
			};
			name = Debug;
		};
		24E2664024AE139E0089350F /* Release */ = {
			isa = XCBuildConfiguration;
			buildSettings = {
				ALWAYS_SEARCH_USER_PATHS = NO;
				CLANG_ANALYZER_NONNULL = YES;
				CLANG_ANALYZER_NUMBER_OBJECT_CONVERSION = YES_AGGRESSIVE;
				CLANG_CXX_LANGUAGE_STANDARD = "gnu++14";
				CLANG_CXX_LIBRARY = "libc++";
				CLANG_ENABLE_MODULES = YES;
				CLANG_ENABLE_OBJC_ARC = YES;
				CLANG_ENABLE_OBJC_WEAK = YES;
				CLANG_WARN_BLOCK_CAPTURE_AUTORELEASING = YES;
				CLANG_WARN_BOOL_CONVERSION = YES;
				CLANG_WARN_COMMA = YES;
				CLANG_WARN_CONSTANT_CONVERSION = YES;
				CLANG_WARN_DEPRECATED_OBJC_IMPLEMENTATIONS = YES;
				CLANG_WARN_DIRECT_OBJC_ISA_USAGE = YES_ERROR;
				CLANG_WARN_DOCUMENTATION_COMMENTS = YES;
				CLANG_WARN_EMPTY_BODY = YES;
				CLANG_WARN_ENUM_CONVERSION = YES;
				CLANG_WARN_INFINITE_RECURSION = YES;
				CLANG_WARN_INT_CONVERSION = YES;
				CLANG_WARN_NON_LITERAL_NULL_CONVERSION = YES;
				CLANG_WARN_OBJC_IMPLICIT_RETAIN_SELF = YES;
				CLANG_WARN_OBJC_LITERAL_CONVERSION = YES;
				CLANG_WARN_OBJC_ROOT_CLASS = YES_ERROR;
				CLANG_WARN_RANGE_LOOP_ANALYSIS = YES;
				CLANG_WARN_STRICT_PROTOTYPES = YES;
				CLANG_WARN_SUSPICIOUS_MOVE = YES;
				CLANG_WARN_UNGUARDED_AVAILABILITY = YES_AGGRESSIVE;
				CLANG_WARN_UNREACHABLE_CODE = YES;
				CLANG_WARN__DUPLICATE_METHOD_MATCH = YES;
				COPY_PHASE_STRIP = NO;
				DEBUG_INFORMATION_FORMAT = "dwarf-with-dsym";
				ENABLE_NS_ASSERTIONS = NO;
				ENABLE_STRICT_OBJC_MSGSEND = YES;
				GCC_C_LANGUAGE_STANDARD = gnu11;
				GCC_NO_COMMON_BLOCKS = YES;
				GCC_WARN_64_TO_32_BIT_CONVERSION = YES;
				GCC_WARN_ABOUT_RETURN_TYPE = YES_ERROR;
				GCC_WARN_UNDECLARED_SELECTOR = YES;
				GCC_WARN_UNINITIALIZED_AUTOS = YES_AGGRESSIVE;
				GCC_WARN_UNUSED_FUNCTION = YES;
				GCC_WARN_UNUSED_VARIABLE = YES;
				IPHONEOS_DEPLOYMENT_TARGET = 13.5;
				MTL_ENABLE_DEBUG_INFO = NO;
				MTL_FAST_MATH = YES;
				SDKROOT = iphoneos;
				SWIFT_COMPILATION_MODE = wholemodule;
				SWIFT_OPTIMIZATION_LEVEL = "-O";
				VALIDATE_PRODUCT = YES;
			};
			name = Release;
		};
		24E2664224AE139E0089350F /* Debug */ = {
			isa = XCBuildConfiguration;
			buildSettings = {
				ASSETCATALOG_COMPILER_APPICON_NAME = AppIcon;
				CODE_SIGN_STYLE = Automatic;
				DEVELOPMENT_ASSET_PATHS = "\"Memorize/Preview Content\"";
				DEVELOPMENT_TEAM = LEU66F899G;
				ENABLE_PREVIEWS = YES;
				INFOPLIST_FILE = Memorize/Info.plist;
				LD_RUNPATH_SEARCH_PATHS = (
					"$(inherited)",
					"@executable_path/Frameworks",
				);
				PRODUCT_BUNDLE_IDENTIFIER = personal.francisca.mbarros.Memorize;
				PRODUCT_NAME = "$(TARGET_NAME)";
				SWIFT_VERSION = 5.0;
				TARGETED_DEVICE_FAMILY = "1,2";
			};
			name = Debug;
		};
		24E2664324AE139E0089350F /* Release */ = {
			isa = XCBuildConfiguration;
			buildSettings = {
				ASSETCATALOG_COMPILER_APPICON_NAME = AppIcon;
				CODE_SIGN_STYLE = Automatic;
				DEVELOPMENT_ASSET_PATHS = "\"Memorize/Preview Content\"";
				DEVELOPMENT_TEAM = LEU66F899G;
				ENABLE_PREVIEWS = YES;
				INFOPLIST_FILE = Memorize/Info.plist;
				LD_RUNPATH_SEARCH_PATHS = (
					"$(inherited)",
					"@executable_path/Frameworks",
				);
				PRODUCT_BUNDLE_IDENTIFIER = personal.francisca.mbarros.Memorize;
				PRODUCT_NAME = "$(TARGET_NAME)";
				SWIFT_VERSION = 5.0;
				TARGETED_DEVICE_FAMILY = "1,2";
			};
			name = Release;
		};
/* End XCBuildConfiguration section */

/* Begin XCConfigurationList section */
		24E2662824AE139B0089350F /* Build configuration list for PBXProject "Memorize" */ = {
			isa = XCConfigurationList;
			buildConfigurations = (
				24E2663F24AE139E0089350F /* Debug */,
				24E2664024AE139E0089350F /* Release */,
			);
			defaultConfigurationIsVisible = 0;
			defaultConfigurationName = Release;
		};
		24E2664124AE139E0089350F /* Build configuration list for PBXNativeTarget "Memorize" */ = {
			isa = XCConfigurationList;
			buildConfigurations = (
				24E2664224AE139E0089350F /* Debug */,
				24E2664324AE139E0089350F /* Release */,
			);
			defaultConfigurationIsVisible = 0;
			defaultConfigurationName = Release;
		};
/* End XCConfigurationList section */
	};
	rootObject = 24E2662524AE139B0089350F /* Project object */;
}
